
Microsoft Visual Studio Solution File, Format Version 12.00
# Visual Studio Version 17
VisualStudioVersion = 17.12.35707.178 d17.12
MinimumVisualStudioVersion = 10.0.40219.1
Project("{FAE04EC0-301F-11D3-BF4B-00C04F79EFBC}") = "Example_01", "Example_01\Example_01.csproj", "{9AB0500E-DBB4-4CB6-B712-EAF91EA53495}"
EndProject
Project("{FAE04EC0-301F-11D3-BF4B-00C04F79EFBC}") = "Example_02", "Example_02\Example_02.csproj", "{D74DF8FA-57F3-4C63-B8CB-6B4272831596}"
EndProject
Project("{FAE04EC0-301F-11D3-BF4B-00C04F79EFBC}") = "Example_03", "Example_03\Example_03.csproj", "{1ED21584-A2BC-4CBF-AA66-789A49AA0536}"
EndProject
Global
	GlobalSection(SolutionConfigurationPlatforms) = preSolution
		Debug|Any CPU = Debug|Any CPU
		Release|Any CPU = Release|Any CPU
	EndGlobalSection
	GlobalSection(ProjectConfigurationPlatforms) = postSolution
		{9AB0500E-DBB4-4CB6-B712-EAF91EA53495}.Debug|Any CPU.ActiveCfg = Debug|Any CPU
		{9AB0500E-DBB4-4CB6-B712-EAF91EA53495}.Debug|Any CPU.Build.0 = Debug|Any CPU
		{9AB0500E-DBB4-4CB6-B712-EAF91EA53495}.Release|Any CPU.ActiveCfg = Release|Any CPU
		{9AB0500E-DBB4-4CB6-B712-EAF91EA53495}.Release|Any CPU.Build.0 = Release|Any CPU
		{D74DF8FA-57F3-4C63-B8CB-6B4272831596}.Debug|Any CPU.ActiveCfg = Debug|Any CPU
		{D74DF8FA-57F3-4C63-B8CB-6B4272831596}.Debug|Any CPU.Build.0 = Debug|Any CPU
		{D74DF8FA-57F3-4C63-B8CB-6B4272831596}.Release|Any CPU.ActiveCfg = Release|Any CPU
		{D74DF8FA-57F3-4C63-B8CB-6B4272831596}.Release|Any CPU.Build.0 = Release|Any CPU
		{1ED21584-A2BC-4CBF-AA66-789A49AA0536}.Debug|Any CPU.ActiveCfg = Debug|Any CPU
		{1ED21584-A2BC-4CBF-AA66-789A49AA0536}.Debug|Any CPU.Build.0 = Debug|Any CPU
		{1ED21584-A2BC-4CBF-AA66-789A49AA0536}.Release|Any CPU.ActiveCfg = Release|Any CPU
		{1ED21584-A2BC-4CBF-AA66-789A49AA0536}.Release|Any CPU.Build.0 = Release|Any CPU
	EndGlobalSection
	GlobalSection(SolutionProperties) = preSolution
		HideSolutionNode = FALSE
	EndGlobalSection
EndGlobal
